
Microsoft Visual Studio Solution File, Format Version 12.00
# Visual Studio Version 16
VisualStudioVersion = 16.0.29709.97
MinimumVisualStudioVersion = 10.0.40219.1
Project("{FAE04EC0-301F-11D3-BF4B-00C04F79EFBC}") = "And.BilgeMarket.UI.WEB", "And.BilgeMarket.UI.WEB\And.BilgeMarket.UI.WEB.csproj", "{964A14FE-A81B-4902-B799-2CC66EA7CFDE}"
EndProject
Project("{FAE04EC0-301F-11D3-BF4B-00C04F79EFBC}") = "And.BilgeMarket.Core.Model", "And.BilgeMarket.Core.Model\And.BilgeMarket.Core.Model.csproj", "{D25C919F-5B3A-486D-8F51-BC3C2CBE41B8}"
EndProject
Global
	GlobalSection(SolutionConfigurationPlatforms) = preSolution
		Debug|Any CPU = Debug|Any CPU
		Release|Any CPU = Release|Any CPU
	EndGlobalSection
	GlobalSection(ProjectConfigurationPlatforms) = postSolution
		{964A14FE-A81B-4902-B799-2CC66EA7CFDE}.Debug|Any CPU.ActiveCfg = Debug|Any CPU
		{964A14FE-A81B-4902-B799-2CC66EA7CFDE}.Debug|Any CPU.Build.0 = Debug|Any CPU
		{964A14FE-A81B-4902-B799-2CC66EA7CFDE}.Release|Any CPU.ActiveCfg = Release|Any CPU
		{964A14FE-A81B-4902-B799-2CC66EA7CFDE}.Release|Any CPU.Build.0 = Release|Any CPU
		{D25C919F-5B3A-486D-8F51-BC3C2CBE41B8}.Debug|Any CPU.ActiveCfg = Debug|Any CPU
		{D25C919F-5B3A-486D-8F51-BC3C2CBE41B8}.Debug|Any CPU.Build.0 = Debug|Any CPU
		{D25C919F-5B3A-486D-8F51-BC3C2CBE41B8}.Release|Any CPU.ActiveCfg = Release|Any CPU
		{D25C919F-5B3A-486D-8F51-BC3C2CBE41B8}.Release|Any CPU.Build.0 = Release|Any CPU
	EndGlobalSection
	GlobalSection(SolutionProperties) = preSolution
		HideSolutionNode = FALSE
	EndGlobalSection
	GlobalSection(ExtensibilityGlobals) = postSolution
		SolutionGuid = {7B99C29A-4403-4E6C-9046-A3E8B7920BCB}
	EndGlobalSection
EndGlobal
